
Microsoft Visual Studio Solution File, Format Version 12.00
# Visual Studio Version 17
VisualStudioVersion = 17.14.37216.2 d17.14
MinimumVisualStudioVersion = 10.0.40219.1
Project("{FAE04EC0-301F-11D3-BF4B-00C04F79EFBC}") = "AspGodPractice", "AspGodPractice.csproj", "{5CC34BCD-8403-452D-B477-A6FBC14D49C1}"
EndProject
Global
	GlobalSection(SolutionConfigurationPlatforms) = preSolution
		Debug|Any CPU = Debug|Any CPU
		Release|Any CPU = Release|Any CPU
	EndGlobalSection
	GlobalSection(ProjectConfigurationPlatforms) = postSolution
		{5CC34BCD-8403-452D-B477-A6FBC14D49C1}.Debug|Any CPU.ActiveCfg = Debug|Any CPU
		{5CC34BCD-8403-452D-B477-A6FBC14D49C1}.Debug|Any CPU.Build.0 = Debug|Any CPU
		{5CC34BCD-8403-452D-B477-A6FBC14D49C1}.Release|Any CPU.ActiveCfg = Release|Any CPU
		{5CC34BCD-8403-452D-B477-A6FBC14D49C1}.Release|Any CPU.Build.0 = Release|Any CPU
	EndGlobalSection
	GlobalSection(SolutionProperties) = preSolution
		HideSolutionNode = FALSE
	EndGlobalSection
	GlobalSection(ExtensibilityGlobals) = postSolution
		SolutionGuid = {25052EC3-EBF2-4DEE-86AE-3E69B55BC3B7}
	EndGlobalSection
EndGlobal
